
Microsoft Visual Studio Solution File, Format Version 12.00
# Visual Studio Version 17
VisualStudioVersion = 17.0.31903.59
MinimumVisualStudioVersion = 10.0.40219.1
Project("{FAE04EC0-301F-11D3-BF4B-00C04F79EFBC}") = "HelloWorld", "00_HelloWorld\HelloWorld.csproj", "{05082212-3080-47E2-A9EE-701ED887A318}"
EndProject
Project("{FAE04EC0-301F-11D3-BF4B-00C04F79EFBC}") = "Variables", "01_Variables\Variables.csproj", "{1F0201D2-87D4-4B25-AA4E-DB0BEAEC7BBE}"
EndProject
Project("{FAE04EC0-301F-11D3-BF4B-00C04F79EFBC}") = "BasicTypes", "02_Types\BasicTypes.csproj", "{414C7B77-7FF0-4CF6-8FCD-F411C9A2984B}"
EndProject
Project("{FAE04EC0-301F-11D3-BF4B-00C04F79EFBC}") = "Challenge", "Challenge\Challenge.csproj", "{062ED60B-0BA1-48A6-8DE5-F5A7C8546B46}"
EndProject
Project("{FAE04EC0-301F-11D3-BF4B-00C04F79EFBC}") = "TypesChallenges", "02_Types_Challenges\TypesChallenges.csproj", "{96B3A08E-E2CE-479F-8910-BB399A441957}"
EndProject
Project("{FAE04EC0-301F-11D3-BF4B-00C04F79EFBC}") = "Operators", "03_Operators\Operators.csproj", "{223C23FB-0E71-49D1-A7FB-C2C983EDFF15}"
EndProject
Project("{FAE04EC0-301F-11D3-BF4B-00C04F79EFBC}") = "Strings", "04_Strings\Strings.csproj", "{3A4E2082-19D2-418F-B8BA-4E0D8A3AF364}"
EndProject
Project("{FAE04EC0-301F-11D3-BF4B-00C04F79EFBC}") = "Booleans", "05_Booleans\Booleans.csproj", "{B6B383FC-824E-4261-A9AB-34AB6D26B55D}"
EndProject
Project("{2150E333-8FDC-42A3-9474-1A3956D46DE8}") = "06_Conditionals", "06_Conditionals", "{A3240ADD-F7C3-4C8C-90E1-2AAFA801C495}"
EndProject
Project("{FAE04EC0-301F-11D3-BF4B-00C04F79EFBC}") = "IfStatements", "06_Conditionals\IfStatements\IfStatements.csproj", "{BDCEC97E-16AF-4ADC-A655-545A5F23A9D9}"
EndProject
Project("{FAE04EC0-301F-11D3-BF4B-00C04F79EFBC}") = "Ternaries", "06_Conditionals\Ternaries\Ternaries.csproj", "{A7EA1540-E8B5-4821-88B3-819582C18FCB}"
EndProject
Project("{FAE04EC0-301F-11D3-BF4B-00C04F79EFBC}") = "Switches", "06_Conditionals\Switches\Switches.csproj", "{EADE3455-C41C-44FB-809E-CF3A69039EC4}"
EndProject
Project("{2150E333-8FDC-42A3-9474-1A3956D46DE8}") = "07_Loops", "07_Loops", "{06EFD3F9-C48C-4B34-BF2D-D367EF7114E2}"
EndProject
Project("{FAE04EC0-301F-11D3-BF4B-00C04F79EFBC}") = "WhileLoops", "07_Loops\While\WhileLoops.csproj", "{C8688FD4-D409-4C0B-B993-6A8FA715A6E3}"
EndProject
Global
	GlobalSection(SolutionConfigurationPlatforms) = preSolution
		Debug|Any CPU = Debug|Any CPU
		Release|Any CPU = Release|Any CPU
	EndGlobalSection
	GlobalSection(SolutionProperties) = preSolution
		HideSolutionNode = FALSE
	EndGlobalSection
	GlobalSection(ProjectConfigurationPlatforms) = postSolution
		{05082212-3080-47E2-A9EE-701ED887A318}.Debug|Any CPU.ActiveCfg = Debug|Any CPU
		{05082212-3080-47E2-A9EE-701ED887A318}.Debug|Any CPU.Build.0 = Debug|Any CPU
		{05082212-3080-47E2-A9EE-701ED887A318}.Release|Any CPU.ActiveCfg = Release|Any CPU
		{05082212-3080-47E2-A9EE-701ED887A318}.Release|Any CPU.Build.0 = Release|Any CPU
		{1F0201D2-87D4-4B25-AA4E-DB0BEAEC7BBE}.Debug|Any CPU.ActiveCfg = Debug|Any CPU
		{1F0201D2-87D4-4B25-AA4E-DB0BEAEC7BBE}.Debug|Any CPU.Build.0 = Debug|Any CPU
		{1F0201D2-87D4-4B25-AA4E-DB0BEAEC7BBE}.Release|Any CPU.ActiveCfg = Release|Any CPU
		{1F0201D2-87D4-4B25-AA4E-DB0BEAEC7BBE}.Release|Any CPU.Build.0 = Release|Any CPU
		{414C7B77-7FF0-4CF6-8FCD-F411C9A2984B}.Debug|Any CPU.ActiveCfg = Debug|Any CPU
		{414C7B77-7FF0-4CF6-8FCD-F411C9A2984B}.Debug|Any CPU.Build.0 = Debug|Any CPU
		{414C7B77-7FF0-4CF6-8FCD-F411C9A2984B}.Release|Any CPU.ActiveCfg = Release|Any CPU
		{414C7B77-7FF0-4CF6-8FCD-F411C9A2984B}.Release|Any CPU.Build.0 = Release|Any CPU
		{062ED60B-0BA1-48A6-8DE5-F5A7C8546B46}.Debug|Any CPU.ActiveCfg = Debug|Any CPU
		{062ED60B-0BA1-48A6-8DE5-F5A7C8546B46}.Debug|Any CPU.Build.0 = Debug|Any CPU
		{062ED60B-0BA1-48A6-8DE5-F5A7C8546B46}.Release|Any CPU.ActiveCfg = Release|Any CPU
		{062ED60B-0BA1-48A6-8DE5-F5A7C8546B46}.Release|Any CPU.Build.0 = Release|Any CPU
		{96B3A08E-E2CE-479F-8910-BB399A441957}.Debug|Any CPU.ActiveCfg = Debug|Any CPU
		{96B3A08E-E2CE-479F-8910-BB399A441957}.Debug|Any CPU.Build.0 = Debug|Any CPU
		{96B3A08E-E2CE-479F-8910-BB399A441957}.Release|Any CPU.ActiveCfg = Release|Any CPU
		{96B3A08E-E2CE-479F-8910-BB399A441957}.Release|Any CPU.Build.0 = Release|Any CPU
		{223C23FB-0E71-49D1-A7FB-C2C983EDFF15}.Debug|Any CPU.ActiveCfg = Debug|Any CPU
		{223C23FB-0E71-49D1-A7FB-C2C983EDFF15}.Debug|Any CPU.Build.0 = Debug|Any CPU
		{223C23FB-0E71-49D1-A7FB-C2C983EDFF15}.Release|Any CPU.ActiveCfg = Release|Any CPU
		{223C23FB-0E71-49D1-A7FB-C2C983EDFF15}.Release|Any CPU.Build.0 = Release|Any CPU
		{3A4E2082-19D2-418F-B8BA-4E0D8A3AF364}.Debug|Any CPU.ActiveCfg = Debug|Any CPU
		{3A4E2082-19D2-418F-B8BA-4E0D8A3AF364}.Debug|Any CPU.Build.0 = Debug|Any CPU
		{3A4E2082-19D2-418F-B8BA-4E0D8A3AF364}.Release|Any CPU.ActiveCfg = Release|Any CPU
		{3A4E2082-19D2-418F-B8BA-4E0D8A3AF364}.Release|Any CPU.Build.0 = Release|Any CPU
		{B6B383FC-824E-4261-A9AB-34AB6D26B55D}.Debug|Any CPU.ActiveCfg = Debug|Any CPU
		{B6B383FC-824E-4261-A9AB-34AB6D26B55D}.Debug|Any CPU.Build.0 = Debug|Any CPU
		{B6B383FC-824E-4261-A9AB-34AB6D26B55D}.Release|Any CPU.ActiveCfg = Release|Any CPU
		{B6B383FC-824E-4261-A9AB-34AB6D26B55D}.Release|Any CPU.Build.0 = Release|Any CPU
		{BDCEC97E-16AF-4ADC-A655-545A5F23A9D9}.Debug|Any CPU.ActiveCfg = Debug|Any CPU
		{BDCEC97E-16AF-4ADC-A655-545A5F23A9D9}.Debug|Any CPU.Build.0 = Debug|Any CPU
		{BDCEC97E-16AF-4ADC-A655-545A5F23A9D9}.Release|Any CPU.ActiveCfg = Release|Any CPU
		{BDCEC97E-16AF-4ADC-A655-545A5F23A9D9}.Release|Any CPU.Build.0 = Release|Any CPU
		{A7EA1540-E8B5-4821-88B3-819582C18FCB}.Debug|Any CPU.ActiveCfg = Debug|Any CPU
		{A7EA1540-E8B5-4821-88B3-819582C18FCB}.Debug|Any CPU.Build.0 = Debug|Any CPU
		{A7EA1540-E8B5-4821-88B3-819582C18FCB}.Release|Any CPU.ActiveCfg = Release|Any CPU
		{A7EA1540-E8B5-4821-88B3-819582C18FCB}.Release|Any CPU.Build.0 = Release|Any CPU
		{EADE3455-C41C-44FB-809E-CF3A69039EC4}.Debug|Any CPU.ActiveCfg = Debug|Any CPU
		{EADE3455-C41C-44FB-809E-CF3A69039EC4}.Debug|Any CPU.Build.0 = Debug|Any CPU
		{EADE3455-C41C-44FB-809E-CF3A69039EC4}.Release|Any CPU.ActiveCfg = Release|Any CPU
		{EADE3455-C41C-44FB-809E-CF3A69039EC4}.Release|Any CPU.Build.0 = Release|Any CPU
		{C8688FD4-D409-4C0B-B993-6A8FA715A6E3}.Debug|Any CPU.ActiveCfg = Debug|Any CPU
		{C8688FD4-D409-4C0B-B993-6A8FA715A6E3}.Debug|Any CPU.Build.0 = Debug|Any CPU
		{C8688FD4-D409-4C0B-B993-6A8FA715A6E3}.Release|Any CPU.ActiveCfg = Release|Any CPU
		{C8688FD4-D409-4C0B-B993-6A8FA715A6E3}.Release|Any CPU.Build.0 = Release|Any CPU
	EndGlobalSection
	GlobalSection(NestedProjects) = preSolution
		{BDCEC97E-16AF-4ADC-A655-545A5F23A9D9} = {A3240ADD-F7C3-4C8C-90E1-2AAFA801C495}
		{A7EA1540-E8B5-4821-88B3-819582C18FCB} = {A3240ADD-F7C3-4C8C-90E1-2AAFA801C495}
		{EADE3455-C41C-44FB-809E-CF3A69039EC4} = {A3240ADD-F7C3-4C8C-90E1-2AAFA801C495}
		{C8688FD4-D409-4C0B-B993-6A8FA715A6E3} = {06EFD3F9-C48C-4B34-BF2D-D367EF7114E2}
	EndGlobalSection
EndGlobal
